
Microsoft Visual Studio Solution File, Format Version 12.00
# Visual Studio Version 16
VisualStudioVersion = 16.0.30413.136
MinimumVisualStudioVersion = 10.0.40219.1
Project("{9A19103F-16F7-4668-BE54-9A1E7A4F7556}") = "Quill", "src\Quill\Quill.csproj", "{6B3052D0-BBAC-4855-A09C-D40AEBACF8CB}"
EndProject
Project("{9A19103F-16F7-4668-BE54-9A1E7A4F7556}") = "Quill.Tests", "tests\Quill.Tests\Quill.Tests.csproj", "{6A278E75-8BEC-42FA-BD24-81DEB2CA0839}"
EndProject
Project("{2150E333-8FDC-42A3-9474-1A3956D46DE8}") = "tests", "tests", "{CB712A6B-B09A-40F2-B09E-3D30A7BFA034}"
EndProject
Project("{2150E333-8FDC-42A3-9474-1A3956D46DE8}") = "items", "items", "{88B7BE67-942C-460A-8FA1-073863974952}"
	ProjectSection(SolutionItems) = preProject
		.editorconfig = .editorconfig
	EndProjectSection
EndProject
Global
	GlobalSection(SolutionConfigurationPlatforms) = preSolution
		Debug|Any CPU = Debug|Any CPU
		Release|Any CPU = Release|Any CPU
	EndGlobalSection
	GlobalSection(ProjectConfigurationPlatforms) = postSolution
		{6B3052D0-BBAC-4855-A09C-D40AEBACF8CB}.Debug|Any CPU.ActiveCfg = Debug|Any CPU
		{6B3052D0-BBAC-4855-A09C-D40AEBACF8CB}.Debug|Any CPU.Build.0 = Debug|Any CPU
		{6B3052D0-BBAC-4855-A09C-D40AEBACF8CB}.Release|Any CPU.ActiveCfg = Release|Any CPU
		{6B3052D0-BBAC-4855-A09C-D40AEBACF8CB}.Release|Any CPU.Build.0 = Release|Any CPU
		{6A278E75-8BEC-42FA-BD24-81DEB2CA0839}.Debug|Any CPU.ActiveCfg = Debug|Any CPU
		{6A278E75-8BEC-42FA-BD24-81DEB2CA0839}.Debug|Any CPU.Build.0 = Debug|Any CPU
		{6A278E75-8BEC-42FA-BD24-81DEB2CA0839}.Release|Any CPU.ActiveCfg = Release|Any CPU
		{6A278E75-8BEC-42FA-BD24-81DEB2CA0839}.Release|Any CPU.Build.0 = Release|Any CPU
	EndGlobalSection
	GlobalSection(SolutionProperties) = preSolution
		HideSolutionNode = FALSE
	EndGlobalSection
	GlobalSection(NestedProjects) = preSolution
		{6A278E75-8BEC-42FA-BD24-81DEB2CA0839} = {CB712A6B-B09A-40F2-B09E-3D30A7BFA034}
	EndGlobalSection
	GlobalSection(ExtensibilityGlobals) = postSolution
		SolutionGuid = {5BCA6A7F-AC34-4FB7-B531-96DD308C41CC}
	EndGlobalSection
EndGlobal
